
Microsoft Visual Studio Solution File, Format Version 12.00
# Visual Studio Version 17
VisualStudioVersion = 17.3.32825.248
MinimumVisualStudioVersion = 10.0.40219.1
Project("{FAE04EC0-301F-11D3-BF4B-00C04F79EFBC}") = "LibraryManagementSystem", "LibraryManagementSystem\LibraryManagementSystem.csproj", "{C5AD46C3-F70A-4119-965E-60B7C141D28F}"
EndProject
Project("{FAE04EC0-301F-11D3-BF4B-00C04F79EFBC}") = "Library.Db", "Library.Db\Library.Db.csproj", "{12263451-C5F3-4B01-88B9-40D1034647A5}"
EndProject
Global
	GlobalSection(SolutionConfigurationPlatforms) = preSolution
		Debug|Any CPU = Debug|Any CPU
		Release|Any CPU = Release|Any CPU
	EndGlobalSection
	GlobalSection(ProjectConfigurationPlatforms) = postSolution
		{C5AD46C3-F70A-4119-965E-60B7C141D28F}.Debug|Any CPU.ActiveCfg = Debug|Any CPU
		{C5AD46C3-F70A-4119-965E-60B7C141D28F}.Debug|Any CPU.Build.0 = Debug|Any CPU
		{C5AD46C3-F70A-4119-965E-60B7C141D28F}.Release|Any CPU.ActiveCfg = Release|Any CPU
		{C5AD46C3-F70A-4119-965E-60B7C141D28F}.Release|Any CPU.Build.0 = Release|Any CPU
		{12263451-C5F3-4B01-88B9-40D1034647A5}.Debug|Any CPU.ActiveCfg = Debug|Any CPU
		{12263451-C5F3-4B01-88B9-40D1034647A5}.Debug|Any CPU.Build.0 = Debug|Any CPU
		{12263451-C5F3-4B01-88B9-40D1034647A5}.Release|Any CPU.ActiveCfg = Release|Any CPU
		{12263451-C5F3-4B01-88B9-40D1034647A5}.Release|Any CPU.Build.0 = Release|Any CPU
	EndGlobalSection
	GlobalSection(SolutionProperties) = preSolution
		HideSolutionNode = FALSE
	EndGlobalSection
	GlobalSection(ExtensibilityGlobals) = postSolution
		SolutionGuid = {C47EE0C3-7F63-4780-AA07-A3FCE126C082}
	EndGlobalSection
EndGlobal
